
Microsoft Visual Studio Solution File, Format Version 12.00
# Visual Studio 14
VisualStudioVersion = 14.0.25420.1
MinimumVisualStudioVersion = 10.0.40219.1
Project("{FAE04EC0-301F-11D3-BF4B-00C04F79EFBC}") = "Bookshelf", "Bookshelf\Bookshelf.csproj", "{1569EDE4-14A8-436D-B1B2-442DB6D2C7F7}"
EndProject
Project("{FAE04EC0-301F-11D3-BF4B-00C04F79EFBC}") = "Bookshelf.Tests", "Bookshelf.Tests\Bookshelf.Tests.csproj", "{3D31DA11-79A8-4214-8163-4794BBFC999D}"
EndProject
Global
	GlobalSection(SolutionConfigurationPlatforms) = preSolution
		Debug|Any CPU = Debug|Any CPU
		Release|Any CPU = Release|Any CPU
	EndGlobalSection
	GlobalSection(ProjectConfigurationPlatforms) = postSolution
		{1569EDE4-14A8-436D-B1B2-442DB6D2C7F7}.Debug|Any CPU.ActiveCfg = Debug|Any CPU
		{1569EDE4-14A8-436D-B1B2-442DB6D2C7F7}.Debug|Any CPU.Build.0 = Debug|Any CPU
		{1569EDE4-14A8-436D-B1B2-442DB6D2C7F7}.Release|Any CPU.ActiveCfg = Release|Any CPU
		{1569EDE4-14A8-436D-B1B2-442DB6D2C7F7}.Release|Any CPU.Build.0 = Release|Any CPU
		{3D31DA11-79A8-4214-8163-4794BBFC999D}.Debug|Any CPU.ActiveCfg = Debug|Any CPU
		{3D31DA11-79A8-4214-8163-4794BBFC999D}.Debug|Any CPU.Build.0 = Debug|Any CPU
		{3D31DA11-79A8-4214-8163-4794BBFC999D}.Release|Any CPU.ActiveCfg = Release|Any CPU
		{3D31DA11-79A8-4214-8163-4794BBFC999D}.Release|Any CPU.Build.0 = Release|Any CPU
	EndGlobalSection
	GlobalSection(SolutionProperties) = preSolution
		HideSolutionNode = FALSE
	EndGlobalSection
EndGlobal
